
Microsoft Visual Studio Solution File, Format Version 12.00
# Visual Studio Version 17
VisualStudioVersion = 17.4.33403.182
MinimumVisualStudioVersion = 10.0.40219.1
Project("{FAE04EC0-301F-11D3-BF4B-00C04F79EFBC}") = "ToDoApplication.WebAPI", "ToDoApplication.WebAPI\ToDoApplication.WebAPI.csproj", "{BFD74266-1CC1-49A9-BB91-25687E0D0F6E}"
EndProject
Global
	GlobalSection(SolutionConfigurationPlatforms) = preSolution
		Debug|Any CPU = Debug|Any CPU
		Release|Any CPU = Release|Any CPU
	EndGlobalSection
	GlobalSection(ProjectConfigurationPlatforms) = postSolution
		{BFD74266-1CC1-49A9-BB91-25687E0D0F6E}.Debug|Any CPU.ActiveCfg = Debug|Any CPU
		{BFD74266-1CC1-49A9-BB91-25687E0D0F6E}.Debug|Any CPU.Build.0 = Debug|Any CPU
		{BFD74266-1CC1-49A9-BB91-25687E0D0F6E}.Release|Any CPU.ActiveCfg = Release|Any CPU
		{BFD74266-1CC1-49A9-BB91-25687E0D0F6E}.Release|Any CPU.Build.0 = Release|Any CPU
	EndGlobalSection
	GlobalSection(SolutionProperties) = preSolution
		HideSolutionNode = FALSE
	EndGlobalSection
	GlobalSection(ExtensibilityGlobals) = postSolution
		SolutionGuid = {19985C59-D07C-4535-97FC-A7F2BF4A67B0}
	EndGlobalSection
EndGlobal
